
Microsoft Visual Studio Solution File, Format Version 12.00
# Visual Studio Version 17
VisualStudioVersion = 17.1.32328.378
MinimumVisualStudioVersion = 10.0.40219.1
Project("{FAE04EC0-301F-11D3-BF4B-00C04F79EFBC}") = "PhoneFrom", "PhoneFrom\PhoneFrom.csproj", "{D2AD6A4F-B816-41A8-BB7C-C781900BDA2A}"
EndProject
Global
	GlobalSection(SolutionConfigurationPlatforms) = preSolution
		Debug|Any CPU = Debug|Any CPU
		Release|Any CPU = Release|Any CPU
	EndGlobalSection
	GlobalSection(ProjectConfigurationPlatforms) = postSolution
		{D2AD6A4F-B816-41A8-BB7C-C781900BDA2A}.Debug|Any CPU.ActiveCfg = Debug|Any CPU
		{D2AD6A4F-B816-41A8-BB7C-C781900BDA2A}.Debug|Any CPU.Build.0 = Debug|Any CPU
		{D2AD6A4F-B816-41A8-BB7C-C781900BDA2A}.Release|Any CPU.ActiveCfg = Release|Any CPU
		{D2AD6A4F-B816-41A8-BB7C-C781900BDA2A}.Release|Any CPU.Build.0 = Release|Any CPU
	EndGlobalSection
	GlobalSection(SolutionProperties) = preSolution
		HideSolutionNode = FALSE
	EndGlobalSection
	GlobalSection(ExtensibilityGlobals) = postSolution
		SolutionGuid = {C9AA089A-D486-43F2-987E-A7D8555F11E7}
	EndGlobalSection
EndGlobal
